{
  "nodes": {
    "buffer-manager": {
      "flake": false,
      "locked": {
        "lastModified": 1715068187,
        "narHash": "sha256-abe9ZGmL7U9rC+LxC3LO5/bOn8lHke1FCKO0V3TZGs0=",
        "owner": "j-morano",
        "repo": "buffer_manager.nvim",
        "rev": "fd36131b2b3e0f03fd6353ae2ffc88cf920b3bbb",
        "type": "github"
      },
      "original": {
        "owner": "j-morano",
        "repo": "buffer_manager.nvim",
        "type": "github"
      }
    },
    "color-picker": {
      "flake": false,
      "locked": {
        "lastModified": 1684706781,
        "narHash": "sha256-a1hpKKvBG8ey/+gbfFEK8CPawEK9EdcQbnIfi7X0C9I=",
        "owner": "ziontee113",
        "repo": "color-picker.nvim",
        "rev": "06cb5f853535dea529a523e9a0e8884cdf9eba4d",
        "type": "github"
      },
      "original": {
        "owner": "ziontee113",
        "repo": "color-picker.nvim",
        "type": "github"
      }
    },
    "devshell": {
      "inputs": {
        "nixpkgs": [
          "nixvim",
          "nixpkgs"
        ]
      },
      "locked": {
        "lastModified": 1722113426,
        "narHash": "sha256-Yo/3loq572A8Su6aY5GP56knpuKYRvM2a1meP9oJZCw=",
        "owner": "numtide",
        "repo": "devshell",
        "rev": "67cce7359e4cd3c45296fb4aaf6a19e2a9c757ae",
        "type": "github"
      },
      "original": {
        "owner": "numtide",
        "repo": "devshell",
        "type": "github"
      }
    },
    "flake-compat": {
      "locked": {
        "lastModified": 1696426674,
        "narHash": "sha256-kvjfFW7WAETZlt09AgDn1MrtKzP7t90Vf7vypd3OL1U=",
        "rev": "0f9255e01c2351cc7d116c072cb317785dd33b33",
        "revCount": 57,
        "type": "tarball",
        "url": "https://api.flakehub.com/f/pinned/edolstra/flake-compat/1.0.1/018afb31-abd1-7bff-a5e4-cff7e18efb7a/source.tar.gz"
      },
      "original": {
        "type": "tarball",
        "url": "https://flakehub.com/f/edolstra/flake-compat/1.tar.gz"
      }
    },
    "flake-parts": {
      "inputs": {
        "nixpkgs-lib": "nixpkgs-lib"
      },
      "locked": {
        "lastModified": 1722555600,
        "narHash": "sha256-XOQkdLafnb/p9ij77byFQjDf5m5QYl9b2REiVClC+x4=",
        "owner": "hercules-ci",
        "repo": "flake-parts",
        "rev": "8471fe90ad337a8074e957b69ca4d0089218391d",
        "type": "github"
      },
      "original": {
        "owner": "hercules-ci",
        "repo": "flake-parts",
        "type": "github"
      }
    },
    "flake-parts_2": {
      "inputs": {
        "nixpkgs-lib": [
          "nixvim",
          "nixpkgs"
        ]
      },
      "locked": {
        "lastModified": 1722555600,
        "narHash": "sha256-XOQkdLafnb/p9ij77byFQjDf5m5QYl9b2REiVClC+x4=",
        "owner": "hercules-ci",
        "repo": "flake-parts",
        "rev": "8471fe90ad337a8074e957b69ca4d0089218391d",
        "type": "github"
      },
      "original": {
        "owner": "hercules-ci",
        "repo": "flake-parts",
        "type": "github"
      }
    },
    "flake-utils": {
      "inputs": {
        "systems": "systems"
      },
      "locked": {
        "lastModified": 1710146030,
        "narHash": "sha256-SZ5L6eA7HJ/nmkzGG7/ISclqe6oZdOZTNoesiInkXPQ=",
        "owner": "numtide",
        "repo": "flake-utils",
        "rev": "b1d9ab70662946ef0850d488da1c9019f3a9752a",
        "type": "github"
      },
      "original": {
        "owner": "numtide",
        "repo": "flake-utils",
        "type": "github"
      }
    },
    "git-hooks": {
      "inputs": {
        "flake-compat": [
          "nixvim",
          "flake-compat"
        ],
        "gitignore": "gitignore",
        "nixpkgs": [
          "nixvim",
          "nixpkgs"
        ],
        "nixpkgs-stable": [
          "nixvim",
          "nixpkgs"
        ]
      },
      "locked": {
        "lastModified": 1724440431,
        "narHash": "sha256-9etXEOUtzeMgqg1u0wp+EdwG7RpmrAZ2yX516bMj2aE=",
        "owner": "cachix",
        "repo": "git-hooks.nix",
        "rev": "c8a54057aae480c56e28ef3e14e4960628ac495b",
        "type": "github"
      },
      "original": {
        "owner": "cachix",
        "repo": "git-hooks.nix",
        "type": "github"
      }
    },
    "gitignore": {
      "inputs": {
        "nixpkgs": [
          "nixvim",
          "git-hooks",
          "nixpkgs"
        ]
      },
      "locked": {
        "lastModified": 1709087332,
        "narHash": "sha256-HG2cCnktfHsKV0s4XW83gU3F57gaTljL9KNSuG6bnQs=",
        "owner": "hercules-ci",
        "repo": "gitignore.nix",
        "rev": "637db329424fd7e46cf4185293b9cc8c88c95394",
        "type": "github"
      },
      "original": {
        "owner": "hercules-ci",
        "repo": "gitignore.nix",
        "type": "github"
      }
    },
    "home-manager": {
      "inputs": {
        "nixpkgs": [
          "nixvim",
          "nixpkgs"
        ]
      },
      "locked": {
        "lastModified": 1724435763,
        "narHash": "sha256-UNky3lJNGQtUEXT2OY8gMxejakSWPTfWKvpFkpFlAfM=",
        "owner": "nix-community",
        "repo": "home-manager",
        "rev": "c2cd2a52e02f1dfa1c88f95abeb89298d46023be",
        "type": "github"
      },
      "original": {
        "owner": "nix-community",
        "repo": "home-manager",
        "type": "github"
      }
    },
    "markview": {
      "flake": false,
      "locked": {
        "lastModified": 1724564111,
        "narHash": "sha256-MEEhPgm+Ls80l4ac2KhmDqwoNfmUEVrf0xMPZnM8VBw=",
        "owner": "OXY2DEV",
        "repo": "markview.nvim",
        "rev": "28c70aa40554963cb79de80286f956edc3181bff",
        "type": "github"
      },
      "original": {
        "owner": "OXY2DEV",
        "repo": "markview.nvim",
        "type": "github"
      }
    },
    "md-pdf": {
      "flake": false,
      "locked": {
        "lastModified": 1724247235,
        "narHash": "sha256-el/lb4TNwfc9/oo8y6a+0GB/HTlcanl1ED5rOx71ExI=",
        "owner": "arminveres",
        "repo": "md-pdf.nvim",
        "rev": "46393d8d4fb4c8046effadf62f2865924ff770eb",
        "type": "github"
      },
      "original": {
        "owner": "arminveres",
        "repo": "md-pdf.nvim",
        "type": "github"
      }
    },
    "moveline": {
      "flake": false,
      "locked": {
        "lastModified": 1688677014,
        "narHash": "sha256-hq/n48JC1EgJbmb6b/1jQ8MNhbcsJD3wIYaKE1UiU30=",
        "owner": "willothy",
        "repo": "moveline.nvim",
        "rev": "570603637be8af20e97b91cf554fef29cab73ca6",
        "type": "github"
      },
      "original": {
        "owner": "willothy",
        "repo": "moveline.nvim",
        "type": "github"
      }
    },
    "nix-darwin": {
      "inputs": {
        "nixpkgs": [
          "nixvim",
          "nixpkgs"
        ]
      },
      "locked": {
        "lastModified": 1724469941,
        "narHash": "sha256-+U5152FwmDD9EUOiFi5CFxCK6/yFESyDei9jEIlmUtI=",
        "owner": "lnl7",
        "repo": "nix-darwin",
        "rev": "ea319a737939094b48fda9063fa3201ef2479aac",
        "type": "github"
      },
      "original": {
        "owner": "lnl7",
        "repo": "nix-darwin",
        "type": "github"
      }
    },
    "nixpkgs": {
      "locked": {
        "lastModified": 1724224976,
        "narHash": "sha256-Z/ELQhrSd7bMzTO8r7NZgi9g5emh+aRKoCdaAv5fiO0=",
        "owner": "nixos",
        "repo": "nixpkgs",
        "rev": "c374d94f1536013ca8e92341b540eba4c22f9c62",
        "type": "github"
      },
      "original": {
        "owner": "nixos",
        "ref": "nixos-unstable",
        "repo": "nixpkgs",
        "type": "github"
      }
    },
    "nixpkgs-lib": {
      "locked": {
        "lastModified": 1722555339,
        "narHash": "sha256-uFf2QeW7eAHlYXuDktm9c25OxOyCoUOQmh5SZ9amE5Q=",
        "type": "tarball",
        "url": "https://github.com/NixOS/nixpkgs/archive/a5d394176e64ab29c852d03346c1fc9b0b7d33eb.tar.gz"
      },
      "original": {
        "type": "tarball",
        "url": "https://github.com/NixOS/nixpkgs/archive/a5d394176e64ab29c852d03346c1fc9b0b7d33eb.tar.gz"
      }
    },
    "nixpkgs_2": {
      "locked": {
        "lastModified": 1724224976,
        "narHash": "sha256-Z/ELQhrSd7bMzTO8r7NZgi9g5emh+aRKoCdaAv5fiO0=",
        "owner": "NixOS",
        "repo": "nixpkgs",
        "rev": "c374d94f1536013ca8e92341b540eba4c22f9c62",
        "type": "github"
      },
      "original": {
        "owner": "NixOS",
        "ref": "nixos-unstable",
        "repo": "nixpkgs",
        "type": "github"
      }
    },
    "nixvim": {
      "inputs": {
        "devshell": "devshell",
        "flake-compat": "flake-compat",
        "flake-parts": "flake-parts_2",
        "git-hooks": "git-hooks",
        "home-manager": "home-manager",
        "nix-darwin": "nix-darwin",
        "nixpkgs": "nixpkgs_2",
        "nuschtosSearch": "nuschtosSearch",
        "treefmt-nix": "treefmt-nix"
      },
      "locked": {
        "lastModified": 1724528976,
        "narHash": "sha256-5W13nD/5ySIsxSvDqXHlj4bg2F3tNcYGKCGudWzpNzw=",
        "owner": "nix-community",
        "repo": "nixvim",
        "rev": "8234ee85eaa2c8b7f2c74f5b4cdf02c4965b07fc",
        "type": "github"
      },
      "original": {
        "owner": "nix-community",
        "repo": "nixvim",
        "type": "github"
      }
    },
    "ntree-float": {
      "flake": false,
      "locked": {
        "lastModified": 1720950868,
        "narHash": "sha256-F1sdW9ZpK3wexuva6lvERq9W8ohkIcYXa+XRtF9o4vM=",
        "owner": "JMarkin",
        "repo": "nvim-tree.lua-float-preview",
        "rev": "78b3ff2e0423438a341c9628f2f10f51b80a69c6",
        "type": "github"
      },
      "original": {
        "owner": "JMarkin",
        "repo": "nvim-tree.lua-float-preview",
        "type": "github"
      }
    },
    "nuschtosSearch": {
      "inputs": {
        "flake-utils": "flake-utils",
        "nixpkgs": [
          "nixvim",
          "nixpkgs"
        ]
      },
      "locked": {
        "lastModified": 1723969429,
        "narHash": "sha256-BuewfNEXEf11MIkJY+uvWsdLu1dIvgJqntWChvNdALg=",
        "owner": "NuschtOS",
        "repo": "search",
        "rev": "a05d1805f2a2bc47d230e5e92aecbf69f784f3d0",
        "type": "github"
      },
      "original": {
        "owner": "NuschtOS",
        "repo": "search",
        "type": "github"
      }
    },
    "nvim-hl-md": {
      "flake": false,
      "locked": {
        "lastModified": 1682765089,
        "narHash": "sha256-uGn2RcyYhla0nY9Jyn5FIcvaZjd6i9EPAQ+5UuPKumU=",
        "owner": "yaocccc",
        "repo": "nvim-hl-mdcodeblock.lua",
        "rev": "a652470bfed791d5026f6a35bacdfe90a9d8ac2f",
        "type": "github"
      },
      "original": {
        "owner": "yaocccc",
        "repo": "nvim-hl-mdcodeblock.lua",
        "type": "github"
      }
    },
    "nvim-md": {
      "flake": false,
      "locked": {
        "lastModified": 1721396513,
        "narHash": "sha256-Sls6dZ63fu2rPgEzazzZW4luB73J36s5+QQ/3zmd+p8=",
        "owner": "ixru",
        "repo": "nvim-markdown",
        "rev": "316342a89afe68ba53a8812aa42f9e0ccdfc4ebb",
        "type": "github"
      },
      "original": {
        "owner": "ixru",
        "repo": "nvim-markdown",
        "type": "github"
      }
    },
    "root": {
      "inputs": {
        "buffer-manager": "buffer-manager",
        "color-picker": "color-picker",
        "flake-parts": "flake-parts",
        "markview": "markview",
        "md-pdf": "md-pdf",
        "moveline": "moveline",
        "nixpkgs": "nixpkgs",
        "nixvim": "nixvim",
        "ntree-float": "ntree-float",
        "nvim-hl-md": "nvim-hl-md",
        "nvim-md": "nvim-md",
        "session-manager": "session-manager",
        "tokyodark": "tokyodark",
        "ts-comments": "ts-comments",
        "windows": "windows",
        "windows-a": "windows-a",
        "windows-mc": "windows-mc"
      }
    },
    "session-manager": {
      "flake": false,
      "locked": {
        "lastModified": 1722584687,
        "narHash": "sha256-HnNbB5Nx65Zb5oTjED0et+bAAEVX5+8pZxwTZvxRtQ8=",
        "owner": "Shatur",
        "repo": "neovim-session-manager",
        "rev": "cbaebd92dce84e9ba63cb07d3199e5a19b204c1a",
        "type": "github"
      },
      "original": {
        "owner": "Shatur",
        "repo": "neovim-session-manager",
        "type": "github"
      }
    },
    "systems": {
      "locked": {
        "lastModified": 1681028828,
        "narHash": "sha256-Vy1rq5AaRuLzOxct8nz4T6wlgyUR7zLU309k9mBC768=",
        "owner": "nix-systems",
        "repo": "default",
        "rev": "da67096a3b9bf56a91d16901293e51ba5b49a27e",
        "type": "github"
      },
      "original": {
        "owner": "nix-systems",
        "repo": "default",
        "type": "github"
      }
    },
    "tokyodark": {
      "flake": false,
      "locked": {
        "lastModified": 1717611113,
        "narHash": "sha256-c5D+Lj7lSF1cAcmKECJy2wA9woStBE1ARrY2y48MMDw=",
        "owner": "tiagovla",
        "repo": "tokyodark.nvim",
        "rev": "14bc1b3e596878a10647af7c82de7736300f3322",
        "type": "github"
      },
      "original": {
        "owner": "tiagovla",
        "repo": "tokyodark.nvim",
        "type": "github"
      }
    },
    "treefmt-nix": {
      "inputs": {
        "nixpkgs": [
          "nixvim",
          "nixpkgs"
        ]
      },
      "locked": {
        "lastModified": 1724338379,
        "narHash": "sha256-kKJtaiU5Ou+e/0Qs7SICXF22DLx4V/WhG1P6+k4yeOE=",
        "owner": "numtide",
        "repo": "treefmt-nix",
        "rev": "070f834771efa715f3e74cd8ab93ecc96fabc951",
        "type": "github"
      },
      "original": {
        "owner": "numtide",
        "repo": "treefmt-nix",
        "type": "github"
      }
    },
    "ts-comments": {
      "flake": false,
      "locked": {
        "lastModified": 1721799917,
        "narHash": "sha256-4dDUtPmwlwQ4/So/28dRhsuiVdY5DNq7I5MfIzPP5ok=",
        "owner": "folke",
        "repo": "ts-comments.nvim",
        "rev": "98d7d4dec0af1312d38e288f800bbf6ff562b6ab",
        "type": "github"
      },
      "original": {
        "owner": "folke",
        "repo": "ts-comments.nvim",
        "type": "github"
      }
    },
    "windows": {
      "flake": false,
      "locked": {
        "lastModified": 1673907386,
        "narHash": "sha256-Nfzd8kFqA83/0RfMUAYF4XXqhihyb22OnxDBrWW1nzU=",
        "owner": "anuvyklack",
        "repo": "windows.nvim",
        "rev": "c7492552b23d0ab30325e90b56066ec51242adc8",
        "type": "github"
      },
      "original": {
        "owner": "anuvyklack",
        "repo": "windows.nvim",
        "type": "github"
      }
    },
    "windows-a": {
      "flake": false,
      "locked": {
        "lastModified": 1663498646,
        "narHash": "sha256-KyFzPI2B0ioIABnhC6MwaHYLcuUzSqCsmcGpMei4XXk=",
        "owner": "anuvyklack",
        "repo": "animation.nvim",
        "rev": "fb77091ab72ec9971aee0562e7081182527aaa6a",
        "type": "github"
      },
      "original": {
        "owner": "anuvyklack",
        "repo": "animation.nvim",
        "type": "github"
      }
    },
    "windows-mc": {
      "flake": false,
      "locked": {
        "lastModified": 1663692601,
        "narHash": "sha256-scJX7ovVZ6YBRp2lTP7JswyZ0smvVZneGRGBvwFsyOQ=",
        "owner": "anuvyklack",
        "repo": "middleclass",
        "rev": "9fab4d5bca67262614960960ca35c4740eb2be2c",
        "type": "github"
      },
      "original": {
        "owner": "anuvyklack",
        "repo": "middleclass",
        "type": "github"
      }
    }
  },
  "root": "root",
  "version": 7
}
